Microsoft Visual Studio Solution File, Format Version 12.00
Project("{9A19103F-16F7-4668-BE54-9A1E7A4F7556}") = "SampleLibrary", "SampleLibrary.csproj", "{011A7864-926F-4B80-B075-30428E120A62}"
EndProject
Global
	GlobalSection(SolutionConfigurationPlatforms) = preSolution
		Debug|Any CPU = Debug|Any CPU
		Release|Any CPU = Release|Any CPU
	EndGlobalSection
	GlobalSection(ProjectConfigurationPlatforms) = postSolution
		{011A7864-926F-4B80-B075-30428E120A62}.Debug|Any CPU.ActiveCfg = Debug|Any CPU
		{011A7864-926F-4B80-B075-30428E120A62}.Debug|Any CPU.Build.0 = Debug|Any CPU
		{011A7864-926F-4B80-B075-30428E120A62}.Release|Any CPU.ActiveCfg = Release|Any CPU
		{011A7864-926F-4B80-B075-30428E120A62}.Release|Any CPU.Build.0 = Release|Any CPU
	EndGlobalSection
	GlobalSection(SolutionProperties) = preSolution
		HideSolutionNode = FALSE
	EndGlobalSection
	GlobalSection(ExtensibilityGlobals) = postSolution
		SolutionGuid = {2F0E8517-CD05-4633-94BC-7AF29F3617EB}
	EndGlobalSection
EndGlobal
